
Microsoft Visual Studio Solution File, Format Version 12.00
# Visual Studio Version 16
VisualStudioVersion = 16.0.30717.126
MinimumVisualStudioVersion = 10.0.40219.1
Project("{2150E333-8FDC-42A3-9474-1A3956D46DE8}") = "Solution Items", "Solution Items", "{6BD51F19-8976-4496-82FC-9D6C6138F98A}"
	ProjectSection(SolutionItems) = preProject
		.gitignore = .gitignore
		.github\workflows\dotnet.yml = .github\workflows\dotnet.yml
		README.md = README.md
	EndProjectSection
EndProject
Project("{9A19103F-16F7-4668-BE54-9A1E7A4F7556}") = "ConfigurableLogger", "ConfigurableLogger\ConfigurableLogger.csproj", "{611BC0FF-CD42-4207-899B-41E48AEE3364}"
EndProject
Global
	GlobalSection(SolutionConfigurationPlatforms) = preSolution
		Debug|Any CPU = Debug|Any CPU
		Release|Any CPU = Release|Any CPU
	EndGlobalSection
	GlobalSection(ProjectConfigurationPlatforms) = postSolution
		{611BC0FF-CD42-4207-899B-41E48AEE3364}.Debug|Any CPU.ActiveCfg = Debug|Any CPU
		{611BC0FF-CD42-4207-899B-41E48AEE3364}.Debug|Any CPU.Build.0 = Debug|Any CPU
		{611BC0FF-CD42-4207-899B-41E48AEE3364}.Release|Any CPU.ActiveCfg = Release|Any CPU
		{611BC0FF-CD42-4207-899B-41E48AEE3364}.Release|Any CPU.Build.0 = Release|Any CPU
	EndGlobalSection
	GlobalSection(SolutionProperties) = preSolution
		HideSolutionNode = FALSE
	EndGlobalSection
	GlobalSection(ExtensibilityGlobals) = postSolution
		SolutionGuid = {BBFB5604-C217-4F46-977C-591591AD959A}
	EndGlobalSection
EndGlobal
